
Microsoft Visual Studio Solution File, Format Version 12.00
# Visual Studio Version 16
VisualStudioVersion = 16.0.32428.217
MinimumVisualStudioVersion = 10.0.40219.1
Project("{9A19103F-16F7-4668-BE54-9A1E7A4F7556}") = "TemperatureMonitoring.WindowsForms", "TemperatureMonitoring.WindowsForms\TemperatureMonitoring.WindowsForms.csproj", "{689B2674-FF27-45FD-89A9-6B37399324F9}"
EndProject
Project("{9A19103F-16F7-4668-BE54-9A1E7A4F7556}") = "TemperatureMonitoring.Core", "TemperatureMonitoring.Core\TemperatureMonitoring.Core.csproj", "{C2D13761-C383-488D-AE6B-9AC2EC0A4F25}"
EndProject
Project("{9A19103F-16F7-4668-BE54-9A1E7A4F7556}") = "TemperatureMonitoring.Core.Tests", "TemperatureMonitoring.Core.Tests\TemperatureMonitoring.Core.Tests.csproj", "{2849B7B8-40F8-4AA6-84CE-042595F9A3FD}"
EndProject
Global
	GlobalSection(SolutionConfigurationPlatforms) = preSolution
		Debug|Any CPU = Debug|Any CPU
		Release|Any CPU = Release|Any CPU
	EndGlobalSection
	GlobalSection(ProjectConfigurationPlatforms) = postSolution
		{689B2674-FF27-45FD-89A9-6B37399324F9}.Debug|Any CPU.ActiveCfg = Debug|Any CPU
		{689B2674-FF27-45FD-89A9-6B37399324F9}.Debug|Any CPU.Build.0 = Debug|Any CPU
		{689B2674-FF27-45FD-89A9-6B37399324F9}.Release|Any CPU.ActiveCfg = Release|Any CPU
		{689B2674-FF27-45FD-89A9-6B37399324F9}.Release|Any CPU.Build.0 = Release|Any CPU
		{C2D13761-C383-488D-AE6B-9AC2EC0A4F25}.Debug|Any CPU.ActiveCfg = Debug|Any CPU
		{C2D13761-C383-488D-AE6B-9AC2EC0A4F25}.Debug|Any CPU.Build.0 = Debug|Any CPU
		{C2D13761-C383-488D-AE6B-9AC2EC0A4F25}.Release|Any CPU.ActiveCfg = Release|Any CPU
		{C2D13761-C383-488D-AE6B-9AC2EC0A4F25}.Release|Any CPU.Build.0 = Release|Any CPU
		{2849B7B8-40F8-4AA6-84CE-042595F9A3FD}.Debug|Any CPU.ActiveCfg = Debug|Any CPU
		{2849B7B8-40F8-4AA6-84CE-042595F9A3FD}.Debug|Any CPU.Build.0 = Debug|Any CPU
		{2849B7B8-40F8-4AA6-84CE-042595F9A3FD}.Release|Any CPU.ActiveCfg = Release|Any CPU
		{2849B7B8-40F8-4AA6-84CE-042595F9A3FD}.Release|Any CPU.Build.0 = Release|Any CPU
	EndGlobalSection
	GlobalSection(SolutionProperties) = preSolution
		HideSolutionNode = FALSE
	EndGlobalSection
	GlobalSection(ExtensibilityGlobals) = postSolution
		SolutionGuid = {909AF130-5396-427C-8652-F9C3C33EC47C}
	EndGlobalSection
EndGlobal
